{
  "name": "vsterilizer",
  "version": "1.0.0",
  "lockfileVersion": 1,
  "requires": true,
  "dependencies": {
    "clamscan": {
      "version": "2.1.0",
      "resolved": "https://registry.npmjs.org/clamscan/-/clamscan-2.1.0.tgz",
      "integrity": "sha512-rPx/P1o5JMP8y80/axApwd0JvjD8qlZuiJlsgkGEq/hgBkrITKge3Yg5Lo3rzQuKOdPH/T8TrT7CjfIKCxDXng=="
    }
  }
}
